# THIS IS AN AUTOGENERATED FILE. DO NOT EDIT THIS FILE DIRECTLY.
# yarn lockfile v1


bser@2.1.1:
  version "2.1.1"
  resolved "https://registry.yarnpkg.com/bser/-/bser-2.1.1.tgz#e6787da20ece9d07998533cfd9de6f5c38f4bc05"
  integrity sha512-gQxTNE/GAfIIrmHLUE3oJyp5FO6HRBfhjnw4/wMmA63ZGDJnWBmgY/lyQBpnDUkGmAhbSe39tx2d/iTOAfglwQ==
  dependencies:
    node-int64 "^0.4.0"

fb-watchman@^2.0.1:
  version "2.0.1"
  resolved "https://registry.yarnpkg.com/fb-watchman/-/fb-watchman-2.0.1.tgz#fc84fb39d2709cf3ff6d743706157bb5708a8a85"
  integrity sha512-DkPJKQeY6kKwmuMretBhr7G6Vodr7bFwDYTXIkfG1gjvNpaxBTQV3PbXg6bR1c1UP4jPOX0jHUbbHANL9vRjVg==
  dependencies:
    bser "2.1.1"

node-int64@^0.4.0:
  version "0.4.0"
  resolved "https://registry.yarnpkg.com/node-int64/-/node-int64-0.4.0.tgz#87a9065cdb355d3182d8f94ce11188b825c68a3b"
  integrity sha1-h6kGXNs1XTGC2PlM4RGIuCXGijs=
